
Microsoft Visual Studio Solution File, Format Version 12.00
# Visual Studio Version 17
VisualStudioVersion = 17.5.002.0
MinimumVisualStudioVersion = 10.0.40219.1
Project("{2150E333-8FDC-42A3-9474-1A3956D46DE8}") = "csharp-prep", "csharp-prep", "{B74E6032-3E42-49A7-B6D7-A92BF1112E3A}"
EndProject
Project("{9A19103F-16F7-4668-BE54-9A1E7A4F7556}") = "Prep1", "csharp-prep\Prep1\Prep1.csproj", "{64E71330-8DEB-4AC6-9C19-ABA63EC7D609}"
EndProject
Project("{9A19103F-16F7-4668-BE54-9A1E7A4F7556}") = "Prep2", "csharp-prep\Prep2\Prep2.csproj", "{A1045D7F-C2C3-4F1F-B304-11A7C3D4F63D}"
EndProject
Project("{9A19103F-16F7-4668-BE54-9A1E7A4F7556}") = "Prep3", "csharp-prep\Prep3\Prep3.csproj", "{755CAC4C-F304-4F98-8A9B-07157E467390}"
EndProject
Project("{9A19103F-16F7-4668-BE54-9A1E7A4F7556}") = "Prep4", "csharp-prep\Prep4\Prep4.csproj", "{7D96131B-6033-4349-BB5D-D337D3F8988D}"
EndProject
Project("{9A19103F-16F7-4668-BE54-9A1E7A4F7556}") = "Prep5", "csharp-prep\Prep5\Prep5.csproj", "{08BE7965-1FFD-4868-B6F2-D4860C894E78}"
EndProject
Project("{2150E333-8FDC-42A3-9474-1A3956D46DE8}") = "foundation", "foundation", "{A6CE30FA-6A45-4AD8-B9A1-8E5A473880EC}"
EndProject
Project("{9A19103F-16F7-4668-BE54-9A1E7A4F7556}") = "Foundation1", "foundation\Foundation1\Foundation1.csproj", "{19B7506A-F65C-46BE-BB88-2E1AF60B7CEB}"
EndProject
Project("{9A19103F-16F7-4668-BE54-9A1E7A4F7556}") = "Foundation2", "foundation\Foundation2\Foundation2.csproj", "{679540BE-9DA1-4F90-8758-FCE54ABFFC3C}"
EndProject
Project("{9A19103F-16F7-4668-BE54-9A1E7A4F7556}") = "Foundation3", "foundation\Foundation3\Foundation3.csproj", "{6D9EA466-ECAA-4F88-A7B5-8793276867E7}"
EndProject
Project("{2150E333-8FDC-42A3-9474-1A3956D46DE8}") = "prepare", "prepare", "{53E9EE23-B02C-4571-83BE-7D97F3D6DC22}"
EndProject
Project("{9A19103F-16F7-4668-BE54-9A1E7A4F7556}") = "Learning02", "prepare\Learning02\Learning02.csproj", "{5DE7DFAD-0ACD-487A-B452-98B747B24228}"
EndProject
Project("{9A19103F-16F7-4668-BE54-9A1E7A4F7556}") = "Learning03", "prepare\Learning03\Learning03.csproj", "{C0CFE1CC-9765-4A99-B3CA-C8C2DD4A5248}"
EndProject
Project("{9A19103F-16F7-4668-BE54-9A1E7A4F7556}") = "Learning05", "prepare\Learning05\Learning05.csproj", "{C6614472-D263-45FD-A835-51EBB21A15AD}"
EndProject
Project("{9A19103F-16F7-4668-BE54-9A1E7A4F7556}") = "Learning06", "prepare\Learning06\Learning06.csproj", "{B9BB1999-0DFC-461F-A2AD-E56EA109A899}"
EndProject
Project("{2150E333-8FDC-42A3-9474-1A3956D46DE8}") = "prove", "prove", "{83F802F3-2FE0-43BB-8BD7-64A22DEF994D}"
EndProject
Project("{9A19103F-16F7-4668-BE54-9A1E7A4F7556}") = "Develop02", "prove\Develop02\Develop02.csproj", "{5951224D-ED98-4B20-8250-A9D458DCA164}"
EndProject
Project("{9A19103F-16F7-4668-BE54-9A1E7A4F7556}") = "Develop03", "prove\Develop03\Develop03.csproj", "{976C4362-6888-4AB2-A632-C8257CF947AF}"
EndProject
Project("{9A19103F-16F7-4668-BE54-9A1E7A4F7556}") = "Develop05", "prove\Develop05\Develop05.csproj", "{02DF6896-D7C2-449B-9BF9-651262403349}"
EndProject
Project("{9A19103F-16F7-4668-BE54-9A1E7A4F7556}") = "Develop06", "prove\Develop06\Develop06.csproj", "{1BCB32BD-E9CE-46FC-B8D9-DDE8DD4FB733}"
EndProject
Project("{2150E333-8FDC-42A3-9474-1A3956D46DE8}") = "sandbox", "sandbox", "{06961CCD-BC37-4BA8-AB7E-9C25CE14CD41}"
EndProject
Project("{9A19103F-16F7-4668-BE54-9A1E7A4F7556}") = "Sandbox", "sandbox\Sandbox\Sandbox.csproj", "{9717FC85-3BE1-4856-BCCD-16B7A5C06926}"
EndProject
Global
	GlobalSection(SolutionConfigurationPlatforms) = preSolution
		Debug|Any CPU = Debug|Any CPU
		Release|Any CPU = Release|Any CPU
	EndGlobalSection
	GlobalSection(ProjectConfigurationPlatforms) = postSolution
		{64E71330-8DEB-4AC6-9C19-ABA63EC7D609}.Debug|Any CPU.ActiveCfg = Debug|Any CPU
		{64E71330-8DEB-4AC6-9C19-ABA63EC7D609}.Debug|Any CPU.Build.0 = Debug|Any CPU
		{64E71330-8DEB-4AC6-9C19-ABA63EC7D609}.Release|Any CPU.ActiveCfg = Release|Any CPU
		{64E71330-8DEB-4AC6-9C19-ABA63EC7D609}.Release|Any CPU.Build.0 = Release|Any CPU
		{A1045D7F-C2C3-4F1F-B304-11A7C3D4F63D}.Debug|Any CPU.ActiveCfg = Debug|Any CPU
		{A1045D7F-C2C3-4F1F-B304-11A7C3D4F63D}.Debug|Any CPU.Build.0 = Debug|Any CPU
		{A1045D7F-C2C3-4F1F-B304-11A7C3D4F63D}.Release|Any CPU.ActiveCfg = Release|Any CPU
		{A1045D7F-C2C3-4F1F-B304-11A7C3D4F63D}.Release|Any CPU.Build.0 = Release|Any CPU
		{755CAC4C-F304-4F98-8A9B-07157E467390}.Debug|Any CPU.ActiveCfg = Debug|Any CPU
		{755CAC4C-F304-4F98-8A9B-07157E467390}.Debug|Any CPU.Build.0 = Debug|Any CPU
		{755CAC4C-F304-4F98-8A9B-07157E467390}.Release|Any CPU.ActiveCfg = Release|Any CPU
		{755CAC4C-F304-4F98-8A9B-07157E467390}.Release|Any CPU.Build.0 = Release|Any CPU
		{7D96131B-6033-4349-BB5D-D337D3F8988D}.Debug|Any CPU.ActiveCfg = Debug|Any CPU
		{7D96131B-6033-4349-BB5D-D337D3F8988D}.Debug|Any CPU.Build.0 = Debug|Any CPU
		{7D96131B-6033-4349-BB5D-D337D3F8988D}.Release|Any CPU.ActiveCfg = Release|Any CPU
		{7D96131B-6033-4349-BB5D-D337D3F8988D}.Release|Any CPU.Build.0 = Release|Any CPU
		{08BE7965-1FFD-4868-B6F2-D4860C894E78}.Debug|Any CPU.ActiveCfg = Debug|Any CPU
		{08BE7965-1FFD-4868-B6F2-D4860C894E78}.Debug|Any CPU.Build.0 = Debug|Any CPU
		{08BE7965-1FFD-4868-B6F2-D4860C894E78}.Release|Any CPU.ActiveCfg = Release|Any CPU
		{08BE7965-1FFD-4868-B6F2-D4860C894E78}.Release|Any CPU.Build.0 = Release|Any CPU
		{19B7506A-F65C-46BE-BB88-2E1AF60B7CEB}.Debug|Any CPU.ActiveCfg = Debug|Any CPU
		{19B7506A-F65C-46BE-BB88-2E1AF60B7CEB}.Debug|Any CPU.Build.0 = Debug|Any CPU
		{19B7506A-F65C-46BE-BB88-2E1AF60B7CEB}.Release|Any CPU.ActiveCfg = Release|Any CPU
		{19B7506A-F65C-46BE-BB88-2E1AF60B7CEB}.Release|Any CPU.Build.0 = Release|Any CPU
		{679540BE-9DA1-4F90-8758-FCE54ABFFC3C}.Debug|Any CPU.ActiveCfg = Debug|Any CPU
		{679540BE-9DA1-4F90-8758-FCE54ABFFC3C}.Debug|Any CPU.Build.0 = Debug|Any CPU
		{679540BE-9DA1-4F90-8758-FCE54ABFFC3C}.Release|Any CPU.ActiveCfg = Release|Any CPU
		{679540BE-9DA1-4F90-8758-FCE54ABFFC3C}.Release|Any CPU.Build.0 = Release|Any CPU
		{6D9EA466-ECAA-4F88-A7B5-8793276867E7}.Debug|Any CPU.ActiveCfg = Debug|Any CPU
		{6D9EA466-ECAA-4F88-A7B5-8793276867E7}.Debug|Any CPU.Build.0 = Debug|Any CPU
		{6D9EA466-ECAA-4F88-A7B5-8793276867E7}.Release|Any CPU.ActiveCfg = Release|Any CPU
		{6D9EA466-ECAA-4F88-A7B5-8793276867E7}.Release|Any CPU.Build.0 = Release|Any CPU
		{5DE7DFAD-0ACD-487A-B452-98B747B24228}.Debug|Any CPU.ActiveCfg = Debug|Any CPU
		{5DE7DFAD-0ACD-487A-B452-98B747B24228}.Debug|Any CPU.Build.0 = Debug|Any CPU
		{5DE7DFAD-0ACD-487A-B452-98B747B24228}.Release|Any CPU.ActiveCfg = Release|Any CPU
		{5DE7DFAD-0ACD-487A-B452-98B747B24228}.Release|Any CPU.Build.0 = Release|Any CPU
		{C0CFE1CC-9765-4A99-B3CA-C8C2DD4A5248}.Debug|Any CPU.ActiveCfg = Debug|Any CPU
		{C0CFE1CC-9765-4A99-B3CA-C8C2DD4A5248}.Debug|Any CPU.Build.0 = Debug|Any CPU
		{C0CFE1CC-9765-4A99-B3CA-C8C2DD4A5248}.Release|Any CPU.ActiveCfg = Release|Any CPU
		{C0CFE1CC-9765-4A99-B3CA-C8C2DD4A5248}.Release|Any CPU.Build.0 = Release|Any CPU
		{C6614472-D263-45FD-A835-51EBB21A15AD}.Debug|Any CPU.ActiveCfg = Debug|Any CPU
		{C6614472-D263-45FD-A835-51EBB21A15AD}.Debug|Any CPU.Build.0 = Debug|Any CPU
		{C6614472-D263-45FD-A835-51EBB21A15AD}.Release|Any CPU.ActiveCfg = Release|Any CPU
		{C6614472-D263-45FD-A835-51EBB21A15AD}.Release|Any CPU.Build.0 = Release|Any CPU
		{B9BB1999-0DFC-461F-A2AD-E56EA109A899}.Debug|Any CPU.ActiveCfg = Debug|Any CPU
		{B9BB1999-0DFC-461F-A2AD-E56EA109A899}.Debug|Any CPU.Build.0 = Debug|Any CPU
		{B9BB1999-0DFC-461F-A2AD-E56EA109A899}.Release|Any CPU.ActiveCfg = Release|Any CPU
		{B9BB1999-0DFC-461F-A2AD-E56EA109A899}.Release|Any CPU.Build.0 = Release|Any CPU
		{5951224D-ED98-4B20-8250-A9D458DCA164}.Debug|Any CPU.ActiveCfg = Debug|Any CPU
		{5951224D-ED98-4B20-8250-A9D458DCA164}.Debug|Any CPU.Build.0 = Debug|Any CPU
		{5951224D-ED98-4B20-8250-A9D458DCA164}.Release|Any CPU.ActiveCfg = Release|Any CPU
		{5951224D-ED98-4B20-8250-A9D458DCA164}.Release|Any CPU.Build.0 = Release|Any CPU
		{976C4362-6888-4AB2-A632-C8257CF947AF}.Debug|Any CPU.ActiveCfg = Debug|Any CPU
		{976C4362-6888-4AB2-A632-C8257CF947AF}.Debug|Any CPU.Build.0 = Debug|Any CPU
		{976C4362-6888-4AB2-A632-C8257CF947AF}.Release|Any CPU.ActiveCfg = Release|Any CPU
		{976C4362-6888-4AB2-A632-C8257CF947AF}.Release|Any CPU.Build.0 = Release|Any CPU
		{02DF6896-D7C2-449B-9BF9-651262403349}.Debug|Any CPU.ActiveCfg = Debug|Any CPU
		{02DF6896-D7C2-449B-9BF9-651262403349}.Debug|Any CPU.Build.0 = Debug|Any CPU
		{02DF6896-D7C2-449B-9BF9-651262403349}.Release|Any CPU.ActiveCfg = Release|Any CPU
		{02DF6896-D7C2-449B-9BF9-651262403349}.Release|Any CPU.Build.0 = Release|Any CPU
		{1BCB32BD-E9CE-46FC-B8D9-DDE8DD4FB733}.Debug|Any CPU.ActiveCfg = Debug|Any CPU
		{1BCB32BD-E9CE-46FC-B8D9-DDE8DD4FB733}.Debug|Any CPU.Build.0 = Debug|Any CPU
		{1BCB32BD-E9CE-46FC-B8D9-DDE8DD4FB733}.Release|Any CPU.ActiveCfg = Release|Any CPU
		{1BCB32BD-E9CE-46FC-B8D9-DDE8DD4FB733}.Release|Any CPU.Build.0 = Release|Any CPU
		{9717FC85-3BE1-4856-BCCD-16B7A5C06926}.Debug|Any CPU.ActiveCfg = Debug|Any CPU
		{9717FC85-3BE1-4856-BCCD-16B7A5C06926}.Debug|Any CPU.Build.0 = Debug|Any CPU
		{9717FC85-3BE1-4856-BCCD-16B7A5C06926}.Release|Any CPU.ActiveCfg = Release|Any CPU
		{9717FC85-3BE1-4856-BCCD-16B7A5C06926}.Release|Any CPU.Build.0 = Release|Any CPU
	EndGlobalSection
	GlobalSection(SolutionProperties) = preSolution
		HideSolutionNode = FALSE
	EndGlobalSection
	GlobalSection(NestedProjects) = preSolution
		{64E71330-8DEB-4AC6-9C19-ABA63EC7D609} = {B74E6032-3E42-49A7-B6D7-A92BF1112E3A}
		{A1045D7F-C2C3-4F1F-B304-11A7C3D4F63D} = {B74E6032-3E42-49A7-B6D7-A92BF1112E3A}
		{755CAC4C-F304-4F98-8A9B-07157E467390} = {B74E6032-3E42-49A7-B6D7-A92BF1112E3A}
		{7D96131B-6033-4349-BB5D-D337D3F8988D} = {B74E6032-3E42-49A7-B6D7-A92BF1112E3A}
		{08BE7965-1FFD-4868-B6F2-D4860C894E78} = {B74E6032-3E42-49A7-B6D7-A92BF1112E3A}
		{19B7506A-F65C-46BE-BB88-2E1AF60B7CEB} = {A6CE30FA-6A45-4AD8-B9A1-8E5A473880EC}
		{679540BE-9DA1-4F90-8758-FCE54ABFFC3C} = {A6CE30FA-6A45-4AD8-B9A1-8E5A473880EC}
		{6D9EA466-ECAA-4F88-A7B5-8793276867E7} = {A6CE30FA-6A45-4AD8-B9A1-8E5A473880EC}
		{5DE7DFAD-0ACD-487A-B452-98B747B24228} = {53E9EE23-B02C-4571-83BE-7D97F3D6DC22}
		{C0CFE1CC-9765-4A99-B3CA-C8C2DD4A5248} = {53E9EE23-B02C-4571-83BE-7D97F3D6DC22}
		{C6614472-D263-45FD-A835-51EBB21A15AD} = {53E9EE23-B02C-4571-83BE-7D97F3D6DC22}
		{B9BB1999-0DFC-461F-A2AD-E56EA109A899} = {53E9EE23-B02C-4571-83BE-7D97F3D6DC22}
		{5951224D-ED98-4B20-8250-A9D458DCA164} = {83F802F3-2FE0-43BB-8BD7-64A22DEF994D}
		{976C4362-6888-4AB2-A632-C8257CF947AF} = {83F802F3-2FE0-43BB-8BD7-64A22DEF994D}
		{02DF6896-D7C2-449B-9BF9-651262403349} = {83F802F3-2FE0-43BB-8BD7-64A22DEF994D}
		{1BCB32BD-E9CE-46FC-B8D9-DDE8DD4FB733} = {83F802F3-2FE0-43BB-8BD7-64A22DEF994D}
		{9717FC85-3BE1-4856-BCCD-16B7A5C06926} = {06961CCD-BC37-4BA8-AB7E-9C25CE14CD41}
	EndGlobalSection
	GlobalSection(ExtensibilityGlobals) = postSolution
		SolutionGuid = {8B79E7FB-3937-451F-8059-FE71318345D9}
	EndGlobalSection
EndGlobal
